c5x.io/logx v0.0.0-20200904004942-c2201b5c53ab h1:FGetlT2j32LpSXvnJnkiW5XH6SVYK3d2hVmsKWFtaf0=
c5x.io/logx v0.0.0-20200904004942-c2201b5c53ab/go.mod h1:QHvOrYTG1v/IenRqDU4ucZcv5DuBItz5SZiNnWYaoV0=
c5x.io/logx v0.0.0-20201125080157-c434321474e5 h1:G+YDF3HkC0x7A0cC5z434CN8/lDO9Ut+vXV8z/xpilM=
c5x.io/logx v0.0.0-20201125080157-c434321474e5/go.mod h1:30RIzAz9jexzl5Orh0oWOoJekDc8goHevk20PMxF9Zo=
c5x.io/logx v0.0.0-20201125080610-ec55867cda9e h1:Nx4Br/nHj3x6YKZzKncn7sqYL8Js7GzpkLVrjWJyQL8=
c5x.io/logx v0.0.0-20201125080610-ec55867cda9e/go.mod h1:30RIzAz9jexzl5Orh0oWOoJekDc8goHevk20PMxF9Zo=
c5x.io/logx v0.0.0-20201125081856-10bf755aab8b h1:vg61jb8gNqAQltPtuztJX4qzG5EJSQnle1gFA/P0qwI=
c5x.io/logx v0.0.0-20201125081856-10bf755aab8b/go.mod h1:30RIzAz9jexzl5Orh0oWOoJekDc8goHevk20PMxF9Zo=
c5x.io/logx v0.1.0 h1:KWbzFMTKoR7S4M4nwhEsnB9bfPEyDaBSu1o9FgBqVOA=
c5x.io/logx v0.1.0/go.mod h1:30RIzAz9jexzl5Orh0oWOoJekDc8goHevk20PMxF9Zo=
github.com/antonfisher/nested-logrus-formatter v1.2.0 h1:bbo1NIVWAspzyQZbzudw4sgntja0Ldx+GM5PoBJ7xgM=
github.com/antonfisher/nested-logrus-formatter v1.2.0/go.mod h1:6WTfyWFkBc9+zyBaKIqRrg/KwMqBbodBjgbHjDz7zjA=
github.com/antonfisher/nested-logrus-formatter v1.3.0 h1:8zixYquU1Odk+vzAaAQPAdRh1ZjmUXNQ1T+dUBvlhVo=
github.com/antonfisher/nested-logrus-formatter v1.3.0/go.mod h1:6WTfyWFkBc9+zyBaKIqRrg/KwMqBbodBjgbHjDz7zjA=
github.com/davecgh/go-spew v1.1.0/go.mod h1:J7Y8YcW2NihsgmVo/mv3lAwl/skON4iLHjSsI+c5H38=
github.com/davecgh/go-spew v1.1.1 h1:vj9j/u1bqnvCEfJOwUhtlOARqs3+rkHYY13jYWTU97c=
github.com/davecgh/go-spew v1.1.1/go.mod h1:J7Y8YcW2NihsgmVo/mv3lAwl/skON4iLHjSsI+c5H38=
github.com/konsorten/go-windows-terminal-sequences v1.0.3 h1:CE8S1cTafDpPvMhIxNJKvHsGVBgn1xWYf1NbHQhywc8=
github.com/konsorten/go-windows-terminal-sequences v1.0.3/go.mod h1:T0+1ngSBFLxvqU3pZ+m/2kptfBszLMUkC4ZK/EgS/cQ=
github.com/pmezard/go-difflib v1.0.0 h1:4DBwDE0NGyQoBHbLQYPwSUPoCMWR5BEzIk/f1lZbAQM=
github.com/pmezard/go-difflib v1.0.0/go.mod h1:iKH77koFhYxTK1pcRnkKkqfTogsbg7gZNVY4sRDYZ/4=
github.com/sirupsen/logrus v1.6.0 h1:UBcNElsrwanuuMsnGSlYmtmgbb23qDR5dG+6X6Oo89I=
github.com/sirupsen/logrus v1.6.0/go.mod h1:7uNnSEd1DgxDLC74fIahvMZmmYsHGZGEOFrfsX/uA88=
github.com/sirupsen/logrus v1.7.0 h1:ShrD1U9pZB12TX0cVy0DtePoCH97K8EtX+mg7ZARUtM=
github.com/sirupsen/logrus v1.7.0/go.mod h1:yWOB1SBYBC5VeMP7gHvWumXLIWorT60ONWic61uBYv0=
github.com/stretchr/objx v0.1.0/go.mod h1:HFkY916IF+rwdDfMAkV7OtwuqBVzrE8GR6GFx+wExME=
github.com/stretchr/testify v1.2.2/go.mod h1:a8OnRcib4nhh0OaRAV+Yts87kKdq0PP7pXfy6kDkUVs=
github.com/stretchr/testify v1.3.0 h1:TivCn/peBQ7UY8ooIcPgZFpTNSz0Q2U6UrFlUfqbe0Q=
github.com/stretchr/testify v1.3.0/go.mod h1:M5WIy9Dh21IEIfnGCwXGc5bZfKNJtfHm1UVUgZn+9EI=
golang.org/x/sys v0.0.0-20190422165155-953cdadca894 h1:Cz4ceDQGXuKRnVBDTS23GTn/pU5OE2C0WrNTOYK1Uuc=
golang.org/x/sys v0.0.0-20190422165155-953cdadca894/go.mod h1:h1NjWce9XRLGQEsW7wpKNCjG9DtNlClVuFLEZdDNbEs=
golang.org/x/sys v0.0.0-20191026070338-33540a1f6037 h1:YyJpGZS1sBuBCzLAR1VEpK193GlqGZbnPFnPV/5Rsb4=
golang.org/x/sys v0.0.0-20191026070338-33540a1f6037/go.mod h1:h1NjWce9XRLGQEsW7wpKNCjG9DtNlClVuFLEZdDNbEs=
gopkg.in/apollo.v0 v0.3.0 h1:CREWWfioR+2NungN/oj9VKhMdhJLsRCks/mATz3dmBk=
gopkg.in/apollo.v0 v0.3.0/go.mod h1:QomZSp4NJ9zsFDLlLi2k9zdCetugF8YpT1hCQYGYjiQ=
gopkg.in/check.v1 v0.0.0-20161208181325-20d25e280405 h1:yhCVgyC4o1eVCa2tZl7eS0r+SDo693bJlVdllGtEeKM=
gopkg.in/check.v1 v0.0.0-20161208181325-20d25e280405/go.mod h1:Co6ibVJAznAaIkqp8huTwlJQCZ016jof/cbN4VW5Yz0=
gopkg.in/logger.v1 v1.0.1 h1:9icQ68EIU1UkD1k0l/vnokOvbtNM11V6f73+/NdPnfM=
gopkg.in/logger.v1 v1.0.1/go.mod h1:HxIq/YRWNOsNazORTgNrNHFJ15sSREEJH9HL0Oz5x1k=
gopkg.in/yaml.v3 v3.0.0-20190502103701-55513cacd4ae/go.mod h1:K4uyk7z7BCEPqu6E+C64Yfv1cQ7kz7rIZviUmN+EgEM=
gopkg.in/yaml.v3 v3.0.0-20200615113413-eeeca48fe776 h1:tQIYjPdBoyREyB9XMu+nnTclpTYkz2zFM+lzLJFO4gQ=
gopkg.in/yaml.v3 v3.0.0-20200615113413-eeeca48fe776/go.mod h1:K4uyk7z7BCEPqu6E+C64Yfv1cQ7kz7rIZviUmN+EgEM=
